
Microsoft Visual Studio Solution File, Format Version 12.00
# Visual Studio Version 17
VisualStudioVersion = 17.9.34728.123
MinimumVisualStudioVersion = 10.0.40219.1
Project("{FAE04EC0-301F-11D3-BF4B-00C04F79EFBC}") = "week 3", "week 3\week 3.csproj", "{5AE94D83-EE28-41D3-8E5E-3652D42AA502}"
EndProject
Project("{FAE04EC0-301F-11D3-BF4B-00C04F79EFBC}") = "modulus", "modulus\modulus.csproj", "{EBA56AB5-A5B4-4DE8-BD35-04A602C9E5E9}"
EndProject
Project("{FAE04EC0-301F-11D3-BF4B-00C04F79EFBC}") = "oddoreven", "oddoreven\oddoreven.csproj", "{AFECB433-8D65-4557-9401-FC573245A245}"
EndProject
Project("{FAE04EC0-301F-11D3-BF4B-00C04F79EFBC}") = "switchdayoftheweek", "switchdayoftheweek\switchdayoftheweek.csproj", "{9E8000CB-87A8-4A7D-A3BD-AB8F1B79C965}"
EndProject
Global
	GlobalSection(SolutionConfigurationPlatforms) = preSolution
		Debug|Any CPU = Debug|Any CPU
		Release|Any CPU = Release|Any CPU
	EndGlobalSection
	GlobalSection(ProjectConfigurationPlatforms) = postSolution
		{5AE94D83-EE28-41D3-8E5E-3652D42AA502}.Debug|Any CPU.ActiveCfg = Debug|Any CPU
		{5AE94D83-EE28-41D3-8E5E-3652D42AA502}.Debug|Any CPU.Build.0 = Debug|Any CPU
		{5AE94D83-EE28-41D3-8E5E-3652D42AA502}.Release|Any CPU.ActiveCfg = Release|Any CPU
		{5AE94D83-EE28-41D3-8E5E-3652D42AA502}.Release|Any CPU.Build.0 = Release|Any CPU
		{EBA56AB5-A5B4-4DE8-BD35-04A602C9E5E9}.Debug|Any CPU.ActiveCfg = Debug|Any CPU
		{EBA56AB5-A5B4-4DE8-BD35-04A602C9E5E9}.Debug|Any CPU.Build.0 = Debug|Any CPU
		{EBA56AB5-A5B4-4DE8-BD35-04A602C9E5E9}.Release|Any CPU.ActiveCfg = Release|Any CPU
		{EBA56AB5-A5B4-4DE8-BD35-04A602C9E5E9}.Release|Any CPU.Build.0 = Release|Any CPU
		{AFECB433-8D65-4557-9401-FC573245A245}.Debug|Any CPU.ActiveCfg = Debug|Any CPU
		{AFECB433-8D65-4557-9401-FC573245A245}.Debug|Any CPU.Build.0 = Debug|Any CPU
		{AFECB433-8D65-4557-9401-FC573245A245}.Release|Any CPU.ActiveCfg = Release|Any CPU
		{AFECB433-8D65-4557-9401-FC573245A245}.Release|Any CPU.Build.0 = Release|Any CPU
		{9E8000CB-87A8-4A7D-A3BD-AB8F1B79C965}.Debug|Any CPU.ActiveCfg = Debug|Any CPU
		{9E8000CB-87A8-4A7D-A3BD-AB8F1B79C965}.Debug|Any CPU.Build.0 = Debug|Any CPU
		{9E8000CB-87A8-4A7D-A3BD-AB8F1B79C965}.Release|Any CPU.ActiveCfg = Release|Any CPU
		{9E8000CB-87A8-4A7D-A3BD-AB8F1B79C965}.Release|Any CPU.Build.0 = Release|Any CPU
	EndGlobalSection
	GlobalSection(SolutionProperties) = preSolution
		HideSolutionNode = FALSE
	EndGlobalSection
	GlobalSection(ExtensibilityGlobals) = postSolution
		SolutionGuid = {FCBCF024-0954-4430-8C11-415BEEE4B677}
	EndGlobalSection
EndGlobal
